
Microsoft Visual Studio Solution File, Format Version 12.00
# Visual Studio Version 17
VisualStudioVersion = 17.14.36518.9
MinimumVisualStudioVersion = 10.0.40219.1
Project("{FAE04EC0-301F-11D3-BF4B-00C04F79EFBC}") = "TasinmazBackend", "TasinmazBackend\TasinmazBackend.csproj", "{15998A5A-5727-4F60-BECF-4A96A04B7080}"
EndProject
Global
	GlobalSection(SolutionConfigurationPlatforms) = preSolution
		Debug|Any CPU = Debug|Any CPU
		Release|Any CPU = Release|Any CPU
	EndGlobalSection
	GlobalSection(ProjectConfigurationPlatforms) = postSolution
		{15998A5A-5727-4F60-BECF-4A96A04B7080}.Debug|Any CPU.ActiveCfg = Debug|Any CPU
		{15998A5A-5727-4F60-BECF-4A96A04B7080}.Debug|Any CPU.Build.0 = Debug|Any CPU
		{15998A5A-5727-4F60-BECF-4A96A04B7080}.Release|Any CPU.ActiveCfg = Release|Any CPU
		{15998A5A-5727-4F60-BECF-4A96A04B7080}.Release|Any CPU.Build.0 = Release|Any CPU
	EndGlobalSection
	GlobalSection(SolutionProperties) = preSolution
		HideSolutionNode = FALSE
	EndGlobalSection
	GlobalSection(ExtensibilityGlobals) = postSolution
		SolutionGuid = {3821C38F-D267-4D62-AB2F-38B7F59A0670}
	EndGlobalSection
EndGlobal
